
Microsoft Visual Studio Solution File, Format Version 12.00
# Visual Studio Version 17
VisualStudioVersion = 17.1.32414.318
MinimumVisualStudioVersion = 10.0.40219.1
Project("{FAE04EC0-301F-11D3-BF4B-00C04F79EFBC}") = "ec-api", "ec-api\ec-api.csproj", "{4A7B29DC-53B3-4D73-B366-6168DB6930E6}"
EndProject
Project("{FAE04EC0-301F-11D3-BF4B-00C04F79EFBC}") = "core", "Core\core.csproj", "{41FA8774-1314-4654-95F7-BAEE2355069E}"
EndProject
Project("{FAE04EC0-301F-11D3-BF4B-00C04F79EFBC}") = "persistence", "data\persistence.csproj", "{AD706A23-0675-403A-ADE3-97D10FDFD4CD}"
EndProject
Project("{FAE04EC0-301F-11D3-BF4B-00C04F79EFBC}") = "models", "models\models.csproj", "{7C5F28CD-7CF8-4DA2-B0EC-812EC6EE613C}"
EndProject
Project("{FAE04EC0-301F-11D3-BF4B-00C04F79EFBC}") = "interfaces", "interfaces\interfaces.csproj", "{7884BE62-2717-4484-AB0C-84A3A2DD3C47}"
EndProject
Global
	GlobalSection(SolutionConfigurationPlatforms) = preSolution
		Debug|Any CPU = Debug|Any CPU
		Release|Any CPU = Release|Any CPU
	EndGlobalSection
	GlobalSection(ProjectConfigurationPlatforms) = postSolution
		{4A7B29DC-53B3-4D73-B366-6168DB6930E6}.Debug|Any CPU.ActiveCfg = Debug|Any CPU
		{4A7B29DC-53B3-4D73-B366-6168DB6930E6}.Debug|Any CPU.Build.0 = Debug|Any CPU
		{4A7B29DC-53B3-4D73-B366-6168DB6930E6}.Release|Any CPU.ActiveCfg = Release|Any CPU
		{4A7B29DC-53B3-4D73-B366-6168DB6930E6}.Release|Any CPU.Build.0 = Release|Any CPU
		{41FA8774-1314-4654-95F7-BAEE2355069E}.Debug|Any CPU.ActiveCfg = Debug|Any CPU
		{41FA8774-1314-4654-95F7-BAEE2355069E}.Debug|Any CPU.Build.0 = Debug|Any CPU
		{41FA8774-1314-4654-95F7-BAEE2355069E}.Release|Any CPU.ActiveCfg = Release|Any CPU
		{41FA8774-1314-4654-95F7-BAEE2355069E}.Release|Any CPU.Build.0 = Release|Any CPU
		{AD706A23-0675-403A-ADE3-97D10FDFD4CD}.Debug|Any CPU.ActiveCfg = Debug|Any CPU
		{AD706A23-0675-403A-ADE3-97D10FDFD4CD}.Debug|Any CPU.Build.0 = Debug|Any CPU
		{AD706A23-0675-403A-ADE3-97D10FDFD4CD}.Release|Any CPU.ActiveCfg = Release|Any CPU
		{AD706A23-0675-403A-ADE3-97D10FDFD4CD}.Release|Any CPU.Build.0 = Release|Any CPU
		{7C5F28CD-7CF8-4DA2-B0EC-812EC6EE613C}.Debug|Any CPU.ActiveCfg = Debug|Any CPU
		{7C5F28CD-7CF8-4DA2-B0EC-812EC6EE613C}.Debug|Any CPU.Build.0 = Debug|Any CPU
		{7C5F28CD-7CF8-4DA2-B0EC-812EC6EE613C}.Release|Any CPU.ActiveCfg = Release|Any CPU
		{7C5F28CD-7CF8-4DA2-B0EC-812EC6EE613C}.Release|Any CPU.Build.0 = Release|Any CPU
		{7884BE62-2717-4484-AB0C-84A3A2DD3C47}.Debug|Any CPU.ActiveCfg = Debug|Any CPU
		{7884BE62-2717-4484-AB0C-84A3A2DD3C47}.Debug|Any CPU.Build.0 = Debug|Any CPU
		{7884BE62-2717-4484-AB0C-84A3A2DD3C47}.Release|Any CPU.ActiveCfg = Release|Any CPU
		{7884BE62-2717-4484-AB0C-84A3A2DD3C47}.Release|Any CPU.Build.0 = Release|Any CPU
	EndGlobalSection
	GlobalSection(SolutionProperties) = preSolution
		HideSolutionNode = FALSE
	EndGlobalSection
	GlobalSection(ExtensibilityGlobals) = postSolution
		SolutionGuid = {DD579E68-9BCE-49C0-9052-17F597BA6667}
	EndGlobalSection
EndGlobal
